
Microsoft Visual Studio Solution File, Format Version 12.00
# Visual Studio Version 17
VisualStudioVersion = 17.0.31903.59
MinimumVisualStudioVersion = 10.0.40219.1
Project("{FAE04EC0-301F-11D3-BF4B-00C04F79EFBC}") = "Momento.Extensions.Caching", "src\Momento.Extensions.Caching\Momento.Extensions.Caching.csproj", "{02BCD523-958A-4A1A-8B6B-7C20E52DD33B}"
EndProject
Project("{FAE04EC0-301F-11D3-BF4B-00C04F79EFBC}") = "Test", "unit\Test.csproj", "{D2D224FD-6E88-40D2-85C5-F4C011DC1F52}"
EndProject
Global
	GlobalSection(SolutionConfigurationPlatforms) = preSolution
		Debug|Any CPU = Debug|Any CPU
		Release|Any CPU = Release|Any CPU
	EndGlobalSection
	GlobalSection(SolutionProperties) = preSolution
		HideSolutionNode = FALSE
	EndGlobalSection
	GlobalSection(ProjectConfigurationPlatforms) = postSolution
		{02BCD523-958A-4A1A-8B6B-7C20E52DD33B}.Debug|Any CPU.ActiveCfg = Debug|Any CPU
		{02BCD523-958A-4A1A-8B6B-7C20E52DD33B}.Debug|Any CPU.Build.0 = Debug|Any CPU
		{02BCD523-958A-4A1A-8B6B-7C20E52DD33B}.Release|Any CPU.ActiveCfg = Release|Any CPU
		{02BCD523-958A-4A1A-8B6B-7C20E52DD33B}.Release|Any CPU.Build.0 = Release|Any CPU
		{D2D224FD-6E88-40D2-85C5-F4C011DC1F52}.Debug|Any CPU.ActiveCfg = Debug|Any CPU
		{D2D224FD-6E88-40D2-85C5-F4C011DC1F52}.Debug|Any CPU.Build.0 = Debug|Any CPU
		{D2D224FD-6E88-40D2-85C5-F4C011DC1F52}.Release|Any CPU.ActiveCfg = Release|Any CPU
		{D2D224FD-6E88-40D2-85C5-F4C011DC1F52}.Release|Any CPU.Build.0 = Release|Any CPU
	EndGlobalSection
EndGlobal
